
Microsoft Visual Studio Solution File, Format Version 12.00
# Visual Studio Version 16
VisualStudioVersion = 16.0.31729.503
MinimumVisualStudioVersion = 10.0.40219.1
Project("{9A19103F-16F7-4668-BE54-9A1E7A4F7556}") = "FilmesApi", "FilmesApi\FilmesApi.csproj", "{B1A29F63-A5C7-440C-8961-6173B130AF58}"
EndProject
Project("{FAE04EC0-301F-11D3-BF4B-00C04F79EFBC}") = "UsuariosApi", "UsuariosApi\UsuariosApi.csproj", "{16364177-56FD-41D2-8EA6-A4960D13A356}"
EndProject
Global
	GlobalSection(SolutionConfigurationPlatforms) = preSolution
		Debug|Any CPU = Debug|Any CPU
		Release|Any CPU = Release|Any CPU
	EndGlobalSection
	GlobalSection(ProjectConfigurationPlatforms) = postSolution
		{B1A29F63-A5C7-440C-8961-6173B130AF58}.Debug|Any CPU.ActiveCfg = Debug|Any CPU
		{B1A29F63-A5C7-440C-8961-6173B130AF58}.Debug|Any CPU.Build.0 = Debug|Any CPU
		{B1A29F63-A5C7-440C-8961-6173B130AF58}.Release|Any CPU.ActiveCfg = Release|Any CPU
		{B1A29F63-A5C7-440C-8961-6173B130AF58}.Release|Any CPU.Build.0 = Release|Any CPU
		{16364177-56FD-41D2-8EA6-A4960D13A356}.Debug|Any CPU.ActiveCfg = Debug|Any CPU
		{16364177-56FD-41D2-8EA6-A4960D13A356}.Debug|Any CPU.Build.0 = Debug|Any CPU
		{16364177-56FD-41D2-8EA6-A4960D13A356}.Release|Any CPU.ActiveCfg = Release|Any CPU
		{16364177-56FD-41D2-8EA6-A4960D13A356}.Release|Any CPU.Build.0 = Release|Any CPU
	EndGlobalSection
	GlobalSection(SolutionProperties) = preSolution
		HideSolutionNode = FALSE
	EndGlobalSection
	GlobalSection(ExtensibilityGlobals) = postSolution
		SolutionGuid = {5F6E4655-5420-45AE-A9C0-4ABA813BC6B3}
	EndGlobalSection
EndGlobal
